schema: '2.0'
stages:
  preprocess:
    cmd: python src/preprocess.py
    deps:
    - path: data/raw/Machine_downtime.csv
      hash: md5
      md5: d145b7eb04df19b470da495fb0ed21a7
      size: 471770
    - path: src/preprocess.py
      hash: md5
      md5: de1c9286cc588cf5190e729bfaa2038c
      size: 1317
    outs:
    - path: data/processed/train.csv
      hash: md5
      md5: b491ec6042937d75bd4cebec81968806
      size: 459692
  train:
    cmd: python src/train.py
    deps:
    - path: data/processed/train.csv
      hash: md5
      md5: b491ec6042937d75bd4cebec81968806
      size: 459692
    - path: src/train.py
      hash: md5
      md5: f407bea5a334ab5ddada36563d52bfa9
      size: 6039
    outs:
    - path: models/model.pkl
      hash: md5
      md5: e5d19d8782eea4091851d918dd29651c
      size: 206777
